<?xml version="1.0" encoding="utf-8"?>
<Project ToolsVersion="4.0" xmlns="http://schemas.microsoft.com/developer/msbuild/2003">
  <ItemGroup>
    <Filter Include="Source Files">
      <UniqueIdentifier>{4FC737F1-C7A5-4376-A066-2A32D752A2FF}</UniqueIdentifier>
      <Extensions>cpp;c;cc;cxx</Extensions>
    </Filter>
    <Filter Include="Header Files">
      <UniqueIdentifier>{93995380-89BD-4b04-88EB-625FBE52EBFB}</UniqueIdentifier>
      <Extensions>h;hh;hpp;hxx</Extensions>
    </Filter>
    <Filter Include="Header Files\Sources">
      <UniqueIdentifier>{1E8A4F55-2D3A-4B8C-9D1E-F2A3B4C5D6E7}</UniqueIdentifier>
    </Filter>
    <Filter Include="Resource Files">
      <UniqueIdentifier>{67DA6AB6-F800-4c08-8B7A-83BB121AAD01}</UniqueIdentifier>
      <Extensions>rc;ico;cur;bmp;dlg;rc2</Extensions>
    </Filter>
  </ItemGroup>
  <ItemGroup>
    <ClCompile Include="stdafx.cpp">
      <Filter>Source Files</Filter>
    </ClCompile>
    <ClCompile Include="component.cpp">
      <Filter>Source Files</Filter>
    </ClCompile>
    <ClCompile Include="aria2_rpc.cpp">
      <Filter>Source Files</Filter>
    </ClCompile>
    <ClCompile Include="source_manager.cpp">
      <Filter>Source Files</Filter>
    </ClCompile>
    <ClCompile Include="download_manager.cpp">
      <Filter>Source Files</Filter>
    </ClCompile>
    <ClCompile Include="playlist_utils.cpp">
      <Filter>Source Files</Filter>
    </ClCompile>
    <ClCompile Include="preferences.cpp">
      <Filter>Source Files</Filter>
    </ClCompile>
    <ClCompile Include="ui_panel.cpp">
      <Filter>Source Files</Filter>
    </ClCompile>
    <ClCompile Include="contextmenu.cpp">
      <Filter>Source Files</Filter>
    </ClCompile>
    <ClCompile Include="sources\source_custom.cpp">
      <Filter>Source Files</Filter>
    </ClCompile>
    <ClCompile Include="sources\source_youtube.cpp">
      <Filter>Source Files</Filter>
    </ClCompile>
  </ItemGroup>
  <ItemGroup>
    <ClInclude Include="stdafx.h">
      <Filter>Header Files</Filter>
    </ClInclude>
    <ClInclude Include="guids.h">
      <Filter>Header Files</Filter>
    </ClInclude>
    <ClInclude Include="resource.h">
      <Filter>Header Files</Filter>
    </ClInclude>
    <ClInclude Include="aria2_rpc.h">
      <Filter>Header Files</Filter>
    </ClInclude>
    <ClInclude Include="source_provider.h">
      <Filter>Header Files</Filter>
    </ClInclude>
    <ClInclude Include="source_manager.h">
      <Filter>Header Files</Filter>
    </ClInclude>
    <ClInclude Include="download_manager.h">
      <Filter>Header Files</Filter>
    </ClInclude>
    <ClInclude Include="playlist_utils.h">
      <Filter>Header Files</Filter>
    </ClInclude>
    <ClInclude Include="sources\source_direct_url.h">
      <Filter>Header Files\Sources</Filter>
    </ClInclude>
    <ClInclude Include="sources\source_custom.h">
      <Filter>Header Files\Sources</Filter>
    </ClInclude>
    <ClInclude Include="sources\source_youtube.h">
      <Filter>Header Files\Sources</Filter>
    </ClInclude>
  </ItemGroup>
  <ItemGroup>
    <ResourceCompile Include="dialogs.rc">
      <Filter>Resource Files</Filter>
    </ResourceCompile>
  </ItemGroup>
</Project>
